
Microsoft Visual Studio Solution File, Format Version 12.00
# Visual Studio Version 16
VisualStudioVersion = 16.0.29318.209
MinimumVisualStudioVersion = 10.0.40219.1
Project("{FAE04EC0-301F-11D3-BF4B-00C04F79EFBC}") = "Example.HelloWorld", "Example.HelloWorld\Example.HelloWorld.csproj", "{27F9D3D8-ED7B-4FD9-A32B-71367B68C7DC}"
EndProject
Project("{2150E333-8FDC-42A3-9474-1A3956D46DE8}") = "Assets", "Assets", "{25819B09-BDAC-4C2F-A3BD-2D5719FABCE3}"
	ProjectSection(SolutionItems) = preProject
		assets\info.json = assets\info.json
	EndProjectSection
EndProject
Project("{2150E333-8FDC-42A3-9474-1A3956D46DE8}") = "Processors", "Processors", "{BAAF719B-5E0E-4A7F-A4AA-A43C745DD9D5}"
EndProject
Global
	GlobalSection(SolutionConfigurationPlatforms) = preSolution
		Debug|Any CPU = Debug|Any CPU
		Release|Any CPU = Release|Any CPU
	EndGlobalSection
	GlobalSection(ProjectConfigurationPlatforms) = postSolution
		{27F9D3D8-ED7B-4FD9-A32B-71367B68C7DC}.Debug|Any CPU.ActiveCfg = Debug|Any CPU
		{27F9D3D8-ED7B-4FD9-A32B-71367B68C7DC}.Debug|Any CPU.Build.0 = Debug|Any CPU
		{27F9D3D8-ED7B-4FD9-A32B-71367B68C7DC}.Release|Any CPU.ActiveCfg = Release|Any CPU
		{27F9D3D8-ED7B-4FD9-A32B-71367B68C7DC}.Release|Any CPU.Build.0 = Release|Any CPU
	EndGlobalSection
	GlobalSection(SolutionProperties) = preSolution
		HideSolutionNode = FALSE
	EndGlobalSection
	GlobalSection(NestedProjects) = preSolution
		{27F9D3D8-ED7B-4FD9-A32B-71367B68C7DC} = {BAAF719B-5E0E-4A7F-A4AA-A43C745DD9D5}
	EndGlobalSection
	GlobalSection(ExtensibilityGlobals) = postSolution
		SolutionGuid = {737380AD-38E9-42A2-85DA-D20B30E4FB1B}
	EndGlobalSection
EndGlobal
